{
    "_readme": [
        "This file locks the dependencies of your project to a known state",
        "Read more about it at https://getcomposer.org/doc/01-basic-usage.md#installing-dependencies",
        "This file is @generated automatically"
    ],
    "content-hash": "17fb3c7ce9fa6338d6192e5b5550cd52",
    "packages": [
        {
            "name": "arokettu/is-resource",
            "version": "1.0.5",
            "source": {
                "type": "git",
                "url": "https://github.com/arokettu/is-resource.git",
                "reference": "17d3e955140b23c53c4d47d779f1e443d492ffad"
            },
            "dist": {
                "type": "zip",
                "url": "https://api.github.com/repos/arokettu/is-resource/zipball/17d3e955140b23c53c4d47d779f1e443d492ffad",
                "reference": "17d3e955140b23c53c4d47d779f1e443d492ffad",
                "shasum": ""
            },
            "require": {
                "php": ">=5.3 <8.6"
            },
            "type": "library",
            "autoload": {
                "files": [
                    "src/functions.php"
                ],
                "classmap": [
                    "gen/ResourceMap.php"
                ]
            },
            "notification-url": "https://packagist.org/downloads/",
            "license": [
                "MIT"
            ],
            "authors": [
                {
                    "name": "Anton Smirnov",
                    "email": "sandfox@sandfox.me",
                    "homepage": "https://sandfox.me/",
                    "role": "developer"
                }
            ],
            "description": "Future compatible is_resource() and get_resource_type() that can understand objects that replaced earlier resources",
            "homepage": "https://sandfox.dev/php/is-resource.html",
            "keywords": [
                "compatibility",
                "curl",
                "gd",
                "get_resource_type",
                "hash",
                "is_resource",
                "pgsql",
                "php80",
                "php81",
                "resources",
                "sockets"
            ],
            "support": {
                "chat": "https://gitter.im/arokettu/community",
                "docs": "https://is-resource.readthedocs.io/",
                "issues": "https://gitlab.com/sandfox/is-resource/-/issues",
                "source": "https://gitlab.com/sandfox/is-resource"
            },
            "time": "2025-08-15T16:09:36+00:00"
        },
        {
            "name": "arokettu/json5-builder",
            "version": "2.1.0",
            "source": {
                "type": "git",
                "url": "https://github.com/arokettu/json5-builder.git",
                "reference": "17573b792e8e4a9d1ebca1fd7e8c1672a3bb6f14"
            },
            "dist": {
                "type": "zip",
                "url": "https://api.github.com/repos/arokettu/json5-builder/zipball/17573b792e8e4a9d1ebca1fd7e8c1672a3bb6f14",
                "reference": "17573b792e8e4a9d1ebca1fd7e8c1672a3bb6f14",
                "shasum": ""
            },
            "require": {
                "arokettu/is-resource": "^1.0",
                "ext-json": "*",
                "php": "^8.1"
            },
            "require-dev": {
                "arokettu/json": "^2.1",
                "colinodell/json5": "^3.0",
                "phpunit/phpunit": "^10.5",
                "psy/psysh": "*",
                "sandfox.dev/code-standard": "^1.2025.05.07",
                "squizlabs/php_codesniffer": "*"
            },
            "type": "library",
            "autoload": {
                "psr-4": {
                    "Arokettu\\Json5\\": "src"
                }
            },
            "notification-url": "https://packagist.org/downloads/",
            "license": [
                "MIT"
            ],
            "authors": [
                {
                    "name": "Anton Smirnov",
                    "email": "sandfox+composer@sandfox.me",
                    "homepage": "https://sandfox.me/",
                    "role": "developer"
                }
            ],
            "description": "JSON5 config builder/encoder",
            "homepage": "https://sandfox.dev/php/json5-builder.html",
            "keywords": [
                "JSON5",
                "builder",
                "config",
                "configuration",
                "encode",
                "json",
                "jsonc"
            ],
            "support": {
                "chat": "https://gitter.im/arokettu/community",
                "docs": "https://json5-builder.readthedocs.io/",
                "issues": "https://gitlab.com/sandfox/json5-builder/-/issues",
                "source": "https://gitlab.com/sandfox/json5-builder"
            },
            "time": "2025-06-05T23:13:22+00:00"
        },
        {
            "name": "colinodell/json5",
            "version": "v3.0.0",
            "source": {
                "type": "git",
                "url": "https://github.com/colinodell/json5.git",
                "reference": "5724d21bc5c910c2560af1b8915f0cc0163579c8"
            },
            "dist": {
                "type": "zip",
                "url": "https://api.github.com/repos/colinodell/json5/zipball/5724d21bc5c910c2560af1b8915f0cc0163579c8",
                "reference": "5724d21bc5c910c2560af1b8915f0cc0163579c8",
                "shasum": ""
            },
            "require": {
                "ext-json": "*",
                "ext-mbstring": "*",
                "php": "^8.0"
            },
            "require-dev": {
                "mikehaertl/php-shellcommand": "^1.7.0",
                "phpstan/phpstan": "^1.10.57",
                "scrutinizer/ocular": "^1.9",
                "squizlabs/php_codesniffer": "^3.8.1",
                "symfony/finder": "^6.0|^7.0",
                "symfony/phpunit-bridge": "^7.0.3"
            },
            "bin": [
                "bin/json5"
            ],
            "type": "library",
            "extra": {
                "branch-alias": {
                    "dev-main": "4.0-dev"
                }
            },
            "autoload": {
                "files": [
                    "src/global.php"
                ],
                "psr-4": {
                    "ColinODell\\Json5\\": "src"
                }
            },
            "notification-url": "https://packagist.org/downloads/",
            "license": [
                "MIT"
            ],
            "authors": [
                {
                    "name": "Colin O'Dell",
                    "email": "colinodell@gmail.com",
                    "homepage": "https://www.colinodell.com",
                    "role": "Developer"
                }
            ],
            "description": "UTF-8 compatible JSON5 parser for PHP",
            "homepage": "https://github.com/colinodell/json5",
            "keywords": [
                "JSON5",
                "json",
                "json5_decode",
                "json_decode"
            ],
            "support": {
                "issues": "https://github.com/colinodell/json5/issues",
                "source": "https://github.com/colinodell/json5/tree/v3.0.0"
            },
            "funding": [
                {
                    "url": "https://www.colinodell.com/sponsor",
                    "type": "custom"
                },
                {
                    "url": "https://www.paypal.me/colinpodell/10.00",
                    "type": "custom"
                },
                {
                    "url": "https://github.com/colinodell",
                    "type": "github"
                },
                {
                    "url": "https://www.patreon.com/colinodell",
                    "type": "patreon"
                }
            ],
            "time": "2024-02-09T13:06:12+00:00"
        }
    ],
    "packages-dev": [],
    "aliases": [],
    "minimum-stability": "stable",
    "stability-flags": {},
    "prefer-stable": false,
    "prefer-lowest": false,
    "platform": {},
    "platform-dev": {},
    "plugin-api-version": "2.6.0"
}
